
Microsoft Visual Studio Solution File, Format Version 12.00
# Visual Studio Version 16
VisualStudioVersion = 16.0.29519.181
MinimumVisualStudioVersion = 10.0.40219.1
Project("{9A19103F-16F7-4668-BE54-9A1E7A4F7556}") = "SimpleArraySum", "src\SimpleArraySum\SimpleArraySum.csproj", "{63016807-EE29-490B-B227-8A0D0BD35F2D}"
EndProject
Project("{9A19103F-16F7-4668-BE54-9A1E7A4F7556}") = "CompareTheTriplets", "src\CompareTheTriplets\CompareTheTriplets.csproj", "{D40D73D5-41F8-4972-BCE9-4291445030A3}"
EndProject
Project("{9A19103F-16F7-4668-BE54-9A1E7A4F7556}") = "MarsExploration", "src\MarsExploration\MarsExploration.csproj", "{C1DD328D-67E3-446C-8319-222A07649ADD}"
EndProject
Project("{9A19103F-16F7-4668-BE54-9A1E7A4F7556}") = "2DArrayDS", "src\2DArrayDS\2DArrayDS.csproj", "{6551DAB5-314E-4407-B0D0-794EA7E973A5}"
EndProject
Project("{9A19103F-16F7-4668-BE54-9A1E7A4F7556}") = "LeftRotation", "src\LeftRotation\LeftRotation.csproj", "{263E9B22-C1DE-4125-87F9-B4D19F840B51}"
EndProject
Project("{9A19103F-16F7-4668-BE54-9A1E7A4F7556}") = "NewYearChaos", "src\NewYearChaos\NewYearChaos.csproj", "{1C181480-9A2C-4F2A-BED6-F61185CEAF27}"
EndProject
Project("{9A19103F-16F7-4668-BE54-9A1E7A4F7556}") = "MinimumSwaps2", "src\MinimumSwaps2\MinimumSwaps2.csproj", "{5F10E072-E3FD-4FE1-9D02-1FB02653BA03}"
EndProject
Project("{9A19103F-16F7-4668-BE54-9A1E7A4F7556}") = "ArrayManipulation", "src\ArrayManipulation\ArrayManipulation.csproj", "{9D1DD777-7B4C-437A-AE99-74F334F0BB7F}"
EndProject
Project("{9A19103F-16F7-4668-BE54-9A1E7A4F7556}") = "SockMerchant", "src\SockMerchant\SockMerchant.csproj", "{A5A8B6FC-B3EF-4336-9F5B-169B19A09FDB}"
EndProject
Project("{2150E333-8FDC-42A3-9474-1A3956D46DE8}") = "tests", "tests", "{BB955CE1-36BF-4A60-A185-1BCA8A86449D}"
EndProject
Project("{2150E333-8FDC-42A3-9474-1A3956D46DE8}") = "src", "src", "{B044E150-FE57-472B-A5C4-3B1C2CA34729}"
EndProject
Project("{FAE04EC0-301F-11D3-BF4B-00C04F79EFBC}") = "SockMerchantTest", "test\SockMerchantTest\SockMerchantTest.csproj", "{43D79713-322C-4C76-B77F-D4EE6099C6D1}"
	ProjectSection(ProjectDependencies) = postProject
		{A5A8B6FC-B3EF-4336-9F5B-169B19A09FDB} = {A5A8B6FC-B3EF-4336-9F5B-169B19A09FDB}
	EndProjectSection
EndProject
Project("{FAE04EC0-301F-11D3-BF4B-00C04F79EFBC}") = "CountingValleys", "src\Countingalleys\CountingValleys.csproj", "{3195A04C-C59B-410D-97AC-3F00E5CE1479}"
EndProject
Project("{FAE04EC0-301F-11D3-BF4B-00C04F79EFBC}") = "CountingValleysTest", "test\CountingValleysTest\CountingValleysTest.csproj", "{09C514B6-35D8-4F51-8630-9E1F6FE9CB17}"
EndProject
Project("{FAE04EC0-301F-11D3-BF4B-00C04F79EFBC}") = "JumpingOnTheClouds", "src\JumpingOnTheClouds\JumpingOnTheClouds.csproj", "{19BF9279-70E2-404C-BD1F-95BC01760025}"
EndProject
Project("{FAE04EC0-301F-11D3-BF4B-00C04F79EFBC}") = "JumpingOnTheCloudsTest", "test\JumpingOnTheCloudsTest\JumpingOnTheCloudsTest.csproj", "{8729E7B6-8F68-4421-8076-420F86E43592}"
EndProject
Global
	GlobalSection(SolutionConfigurationPlatforms) = preSolution
		Debug|Any CPU = Debug|Any CPU
		Release|Any CPU = Release|Any CPU
	EndGlobalSection
	GlobalSection(ProjectConfigurationPlatforms) = postSolution
		{63016807-EE29-490B-B227-8A0D0BD35F2D}.Debug|Any CPU.ActiveCfg = Debug|Any CPU
		{63016807-EE29-490B-B227-8A0D0BD35F2D}.Debug|Any CPU.Build.0 = Debug|Any CPU
		{63016807-EE29-490B-B227-8A0D0BD35F2D}.Release|Any CPU.ActiveCfg = Release|Any CPU
		{63016807-EE29-490B-B227-8A0D0BD35F2D}.Release|Any CPU.Build.0 = Release|Any CPU
		{D40D73D5-41F8-4972-BCE9-4291445030A3}.Debug|Any CPU.ActiveCfg = Debug|Any CPU
		{D40D73D5-41F8-4972-BCE9-4291445030A3}.Debug|Any CPU.Build.0 = Debug|Any CPU
		{D40D73D5-41F8-4972-BCE9-4291445030A3}.Release|Any CPU.ActiveCfg = Release|Any CPU
		{D40D73D5-41F8-4972-BCE9-4291445030A3}.Release|Any CPU.Build.0 = Release|Any CPU
		{C1DD328D-67E3-446C-8319-222A07649ADD}.Debug|Any CPU.ActiveCfg = Debug|Any CPU
		{C1DD328D-67E3-446C-8319-222A07649ADD}.Debug|Any CPU.Build.0 = Debug|Any CPU
		{C1DD328D-67E3-446C-8319-222A07649ADD}.Release|Any CPU.ActiveCfg = Release|Any CPU
		{C1DD328D-67E3-446C-8319-222A07649ADD}.Release|Any CPU.Build.0 = Release|Any CPU
		{6551DAB5-314E-4407-B0D0-794EA7E973A5}.Debug|Any CPU.ActiveCfg = Debug|Any CPU
		{6551DAB5-314E-4407-B0D0-794EA7E973A5}.Debug|Any CPU.Build.0 = Debug|Any CPU
		{6551DAB5-314E-4407-B0D0-794EA7E973A5}.Release|Any CPU.ActiveCfg = Release|Any CPU
		{6551DAB5-314E-4407-B0D0-794EA7E973A5}.Release|Any CPU.Build.0 = Release|Any CPU
		{263E9B22-C1DE-4125-87F9-B4D19F840B51}.Debug|Any CPU.ActiveCfg = Debug|Any CPU
		{263E9B22-C1DE-4125-87F9-B4D19F840B51}.Debug|Any CPU.Build.0 = Debug|Any CPU
		{263E9B22-C1DE-4125-87F9-B4D19F840B51}.Release|Any CPU.ActiveCfg = Release|Any CPU
		{263E9B22-C1DE-4125-87F9-B4D19F840B51}.Release|Any CPU.Build.0 = Release|Any CPU
		{1C181480-9A2C-4F2A-BED6-F61185CEAF27}.Debug|Any CPU.ActiveCfg = Debug|Any CPU
		{1C181480-9A2C-4F2A-BED6-F61185CEAF27}.Debug|Any CPU.Build.0 = Debug|Any CPU
		{1C181480-9A2C-4F2A-BED6-F61185CEAF27}.Release|Any CPU.ActiveCfg = Release|Any CPU
		{1C181480-9A2C-4F2A-BED6-F61185CEAF27}.Release|Any CPU.Build.0 = Release|Any CPU
		{5F10E072-E3FD-4FE1-9D02-1FB02653BA03}.Debug|Any CPU.ActiveCfg = Debug|Any CPU
		{5F10E072-E3FD-4FE1-9D02-1FB02653BA03}.Debug|Any CPU.Build.0 = Debug|Any CPU
		{5F10E072-E3FD-4FE1-9D02-1FB02653BA03}.Release|Any CPU.ActiveCfg = Release|Any CPU
		{5F10E072-E3FD-4FE1-9D02-1FB02653BA03}.Release|Any CPU.Build.0 = Release|Any CPU
		{9D1DD777-7B4C-437A-AE99-74F334F0BB7F}.Debug|Any CPU.ActiveCfg = Debug|Any CPU
		{9D1DD777-7B4C-437A-AE99-74F334F0BB7F}.Debug|Any CPU.Build.0 = Debug|Any CPU
		{9D1DD777-7B4C-437A-AE99-74F334F0BB7F}.Release|Any CPU.ActiveCfg = Release|Any CPU
		{9D1DD777-7B4C-437A-AE99-74F334F0BB7F}.Release|Any CPU.Build.0 = Release|Any CPU
		{A5A8B6FC-B3EF-4336-9F5B-169B19A09FDB}.Debug|Any CPU.ActiveCfg = Debug|Any CPU
		{A5A8B6FC-B3EF-4336-9F5B-169B19A09FDB}.Debug|Any CPU.Build.0 = Debug|Any CPU
		{A5A8B6FC-B3EF-4336-9F5B-169B19A09FDB}.Release|Any CPU.ActiveCfg = Release|Any CPU
		{A5A8B6FC-B3EF-4336-9F5B-169B19A09FDB}.Release|Any CPU.Build.0 = Release|Any CPU
		{43D79713-322C-4C76-B77F-D4EE6099C6D1}.Debug|Any CPU.ActiveCfg = Debug|Any CPU
		{43D79713-322C-4C76-B77F-D4EE6099C6D1}.Debug|Any CPU.Build.0 = Debug|Any CPU
		{43D79713-322C-4C76-B77F-D4EE6099C6D1}.Release|Any CPU.ActiveCfg = Release|Any CPU
		{43D79713-322C-4C76-B77F-D4EE6099C6D1}.Release|Any CPU.Build.0 = Release|Any CPU
		{3195A04C-C59B-410D-97AC-3F00E5CE1479}.Debug|Any CPU.ActiveCfg = Debug|Any CPU
		{3195A04C-C59B-410D-97AC-3F00E5CE1479}.Debug|Any CPU.Build.0 = Debug|Any CPU
		{3195A04C-C59B-410D-97AC-3F00E5CE1479}.Release|Any CPU.ActiveCfg = Release|Any CPU
		{3195A04C-C59B-410D-97AC-3F00E5CE1479}.Release|Any CPU.Build.0 = Release|Any CPU
		{09C514B6-35D8-4F51-8630-9E1F6FE9CB17}.Debug|Any CPU.ActiveCfg = Debug|Any CPU
		{09C514B6-35D8-4F51-8630-9E1F6FE9CB17}.Debug|Any CPU.Build.0 = Debug|Any CPU
		{09C514B6-35D8-4F51-8630-9E1F6FE9CB17}.Release|Any CPU.ActiveCfg = Release|Any CPU
		{09C514B6-35D8-4F51-8630-9E1F6FE9CB17}.Release|Any CPU.Build.0 = Release|Any CPU
		{19BF9279-70E2-404C-BD1F-95BC01760025}.Debug|Any CPU.ActiveCfg = Debug|Any CPU
		{19BF9279-70E2-404C-BD1F-95BC01760025}.Debug|Any CPU.Build.0 = Debug|Any CPU
		{19BF9279-70E2-404C-BD1F-95BC01760025}.Release|Any CPU.ActiveCfg = Release|Any CPU
		{19BF9279-70E2-404C-BD1F-95BC01760025}.Release|Any CPU.Build.0 = Release|Any CPU
		{8729E7B6-8F68-4421-8076-420F86E43592}.Debug|Any CPU.ActiveCfg = Debug|Any CPU
		{8729E7B6-8F68-4421-8076-420F86E43592}.Debug|Any CPU.Build.0 = Debug|Any CPU
		{8729E7B6-8F68-4421-8076-420F86E43592}.Release|Any CPU.ActiveCfg = Release|Any CPU
		{8729E7B6-8F68-4421-8076-420F86E43592}.Release|Any CPU.Build.0 = Release|Any CPU
	EndGlobalSection
	GlobalSection(SolutionProperties) = preSolution
		HideSolutionNode = FALSE
	EndGlobalSection
	GlobalSection(NestedProjects) = preSolution
		{63016807-EE29-490B-B227-8A0D0BD35F2D} = {B044E150-FE57-472B-A5C4-3B1C2CA34729}
		{D40D73D5-41F8-4972-BCE9-4291445030A3} = {B044E150-FE57-472B-A5C4-3B1C2CA34729}
		{C1DD328D-67E3-446C-8319-222A07649ADD} = {B044E150-FE57-472B-A5C4-3B1C2CA34729}
		{6551DAB5-314E-4407-B0D0-794EA7E973A5} = {B044E150-FE57-472B-A5C4-3B1C2CA34729}
		{263E9B22-C1DE-4125-87F9-B4D19F840B51} = {B044E150-FE57-472B-A5C4-3B1C2CA34729}
		{1C181480-9A2C-4F2A-BED6-F61185CEAF27} = {B044E150-FE57-472B-A5C4-3B1C2CA34729}
		{5F10E072-E3FD-4FE1-9D02-1FB02653BA03} = {B044E150-FE57-472B-A5C4-3B1C2CA34729}
		{9D1DD777-7B4C-437A-AE99-74F334F0BB7F} = {B044E150-FE57-472B-A5C4-3B1C2CA34729}
		{A5A8B6FC-B3EF-4336-9F5B-169B19A09FDB} = {B044E150-FE57-472B-A5C4-3B1C2CA34729}
		{43D79713-322C-4C76-B77F-D4EE6099C6D1} = {BB955CE1-36BF-4A60-A185-1BCA8A86449D}
		{3195A04C-C59B-410D-97AC-3F00E5CE1479} = {B044E150-FE57-472B-A5C4-3B1C2CA34729}
		{09C514B6-35D8-4F51-8630-9E1F6FE9CB17} = {BB955CE1-36BF-4A60-A185-1BCA8A86449D}
		{19BF9279-70E2-404C-BD1F-95BC01760025} = {B044E150-FE57-472B-A5C4-3B1C2CA34729}
		{8729E7B6-8F68-4421-8076-420F86E43592} = {BB955CE1-36BF-4A60-A185-1BCA8A86449D}
	EndGlobalSection
	GlobalSection(ExtensibilityGlobals) = postSolution
		SolutionGuid = {D5D4B761-7488-4755-8132-4D8F83C993EB}
	EndGlobalSection
EndGlobal
